
Microsoft Visual Studio Solution File, Format Version 12.00
# Visual Studio 15
VisualStudioVersion = 15.0.26430.15
MinimumVisualStudioVersion = 10.0.40219.1
Project("{FAE04EC0-301F-11D3-BF4B-00C04F79EFBC}") = "PasswordKeeper", "PasswordKeeper\PasswordKeeper.csproj", "{B084B5DC-A9F8-4356-BBE9-61624F5CD71B}"
EndProject
Global
	GlobalSection(SolutionConfigurationPlatforms) = preSolution
		Debug|Any CPU = Debug|Any CPU
		Release|Any CPU = Release|Any CPU
	EndGlobalSection
	GlobalSection(ProjectConfigurationPlatforms) = postSolution
		{B084B5DC-A9F8-4356-BBE9-61624F5CD71B}.Debug|Any CPU.ActiveCfg = Debug|Any CPU
		{B084B5DC-A9F8-4356-BBE9-61624F5CD71B}.Debug|Any CPU.Build.0 = Debug|Any CPU
		{B084B5DC-A9F8-4356-BBE9-61624F5CD71B}.Release|Any CPU.ActiveCfg = Release|Any CPU
		{B084B5DC-A9F8-4356-BBE9-61624F5CD71B}.Release|Any CPU.Build.0 = Release|Any CPU
	EndGlobalSection
	GlobalSection(SolutionProperties) = preSolution
		HideSolutionNode = FALSE
	EndGlobalSection
EndGlobal
